
Microsoft Visual Studio Solution File, Format Version 12.00
# Visual Studio 15
VisualStudioVersion = 15.0.28307.1000
MinimumVisualStudioVersion = 10.0.40219.1
Project("{FAE04EC0-301F-11D3-BF4B-00C04F79EFBC}") = "PracticeTask6", "PracticeTask6\PracticeTask6.csproj", "{524BB085-7B92-420C-BE6C-C0551E509012}"
EndProject
Project("{FAE04EC0-301F-11D3-BF4B-00C04F79EFBC}") = "UnitTestProject1", "UnitTestProject1\UnitTestProject1.csproj", "{A29032C2-0F44-4F6E-9F78-0FE215942FA5}"
EndProject
Global
	GlobalSection(SolutionConfigurationPlatforms) = preSolution
		Debug|Any CPU = Debug|Any CPU
		Release|Any CPU = Release|Any CPU
	EndGlobalSection
	GlobalSection(ProjectConfigurationPlatforms) = postSolution
		{524BB085-7B92-420C-BE6C-C0551E509012}.Debug|Any CPU.ActiveCfg = Debug|Any CPU
		{524BB085-7B92-420C-BE6C-C0551E509012}.Debug|Any CPU.Build.0 = Debug|Any CPU
		{524BB085-7B92-420C-BE6C-C0551E509012}.Release|Any CPU.ActiveCfg = Release|Any CPU
		{524BB085-7B92-420C-BE6C-C0551E509012}.Release|Any CPU.Build.0 = Release|Any CPU
		{A29032C2-0F44-4F6E-9F78-0FE215942FA5}.Debug|Any CPU.ActiveCfg = Debug|Any CPU
		{A29032C2-0F44-4F6E-9F78-0FE215942FA5}.Debug|Any CPU.Build.0 = Debug|Any CPU
		{A29032C2-0F44-4F6E-9F78-0FE215942FA5}.Release|Any CPU.ActiveCfg = Release|Any CPU
		{A29032C2-0F44-4F6E-9F78-0FE215942FA5}.Release|Any CPU.Build.0 = Release|Any CPU
	EndGlobalSection
	GlobalSection(SolutionProperties) = preSolution
		HideSolutionNode = FALSE
	EndGlobalSection
	GlobalSection(ExtensibilityGlobals) = postSolution
		SolutionGuid = {8CE75870-5DA7-474E-AFBD-CE9956C8AAA9}
	EndGlobalSection
EndGlobal
